
Microsoft Visual Studio Solution File, Format Version 11.00
# Visual C# Express 2010
Project("{FAE04EC0-301F-11D3-BF4B-00C04F79EFBC}") = "Web Browser", "Web Browser\Web Browser.csproj", "{9DDFE53F-201A-401B-A837-9260C2C65372}"
EndProject
Global
	GlobalSection(SolutionConfigurationPlatforms) = preSolution
		Debug|x86 = Debug|x86
		Release|x86 = Release|x86
	EndGlobalSection
	GlobalSection(ProjectConfigurationPlatforms) = postSolution
		{9DDFE53F-201A-401B-A837-9260C2C65372}.Debug|x86.ActiveCfg = Debug|x86
		{9DDFE53F-201A-401B-A837-9260C2C65372}.Debug|x86.Build.0 = Debug|x86
		{9DDFE53F-201A-401B-A837-9260C2C65372}.Release|x86.ActiveCfg = Release|x86
		{9DDFE53F-201A-401B-A837-9260C2C65372}.Release|x86.Build.0 = Release|x86
	EndGlobalSection
	GlobalSection(SolutionProperties) = preSolution
		HideSolutionNode = FALSE
	EndGlobalSection
EndGlobal
